
Microsoft Visual Studio Solution File, Format Version 12.00
# Visual Studio Version 16
VisualStudioVersion = 16.0.31424.327
MinimumVisualStudioVersion = 10.0.40219.1
Project("{8BC9CEB8-8B4A-11D0-8D11-00A0C91BC942}") = "Virtual Paint", "Virtual Paint\Virtual Paint.vcxproj", "{80A3CB4F-0D1F-41A3-96B2-592055D49206}"
EndProject
Global
	GlobalSection(SolutionConfigurationPlatforms) = preSolution
		Debug|x64 = Debug|x64
		Debug|x86 = Debug|x86
		Release|x64 = Release|x64
		Release|x86 = Release|x86
	EndGlobalSection
	GlobalSection(ProjectConfigurationPlatforms) = postSolution
		{80A3CB4F-0D1F-41A3-96B2-592055D49206}.Debug|x64.ActiveCfg = Debug|x64
		{80A3CB4F-0D1F-41A3-96B2-592055D49206}.Debug|x64.Build.0 = Debug|x64
		{80A3CB4F-0D1F-41A3-96B2-592055D49206}.Debug|x86.ActiveCfg = Debug|Win32
		{80A3CB4F-0D1F-41A3-96B2-592055D49206}.Debug|x86.Build.0 = Debug|Win32
		{80A3CB4F-0D1F-41A3-96B2-592055D49206}.Release|x64.ActiveCfg = Release|x64
		{80A3CB4F-0D1F-41A3-96B2-592055D49206}.Release|x64.Build.0 = Release|x64
		{80A3CB4F-0D1F-41A3-96B2-592055D49206}.Release|x86.ActiveCfg = Release|Win32
		{80A3CB4F-0D1F-41A3-96B2-592055D49206}.Release|x86.Build.0 = Release|Win32
	EndGlobalSection
	GlobalSection(SolutionProperties) = preSolution
		HideSolutionNode = FALSE
	EndGlobalSection
	GlobalSection(ExtensibilityGlobals) = postSolution
		SolutionGuid = {254A3512-9F71-4741-87C2-483F7B03C6CD}
	EndGlobalSection
EndGlobal
